// !$*UTF8*$!
{
	archiveVersion = 1;
	classes = {
	};
	objectVersion = 50;
	objects = {

/* Begin PBXBuildFile section */
		538C1069243FDAF9004EDD7B /* AppDelegate.swift in Sources */ = {isa = PBXBuildFile; fileRef = 538C1068243FDAF9004EDD7B /* AppDelegate.swift */; };
		538C106B243FDAF9004EDD7B /* SceneDelegate.swift in Sources */ = {isa = PBXBuildFile; fileRef = 538C106A243FDAF9004EDD7B /* SceneDelegate.swift */; };
		538C106D243FDAF9004EDD7B /* ViewController.swift in Sources */ = {isa = PBXBuildFile; fileRef = 538C106C243FDAF9004EDD7B /* ViewController.swift */; };
		538C1070243FDAF9004EDD7B /* Main.storyboard in Resources */ = {isa = PBXBuildFile; fileRef = 538C106E243FDAF9004EDD7B /* Main.storyboard */; };
		538C1072243FDAFB004EDD7B /* Assets.xcassets in Resources */ = {isa = PBXBuildFile; fileRef = 538C1071243FDAFB004EDD7B /* Assets.xcassets */; };
		538C1075243FDAFB004EDD7B /* LaunchScreen.storyboard in Resources */ = {isa = PBXBuildFile; fileRef = 538C1073243FDAFB004EDD7B /* LaunchScreen.storyboard */; };
		538C107D243FDB29004EDD7B /* BaseViewController.swift in Sources */ = {isa = PBXBuildFile; fileRef = 538C107C243FDB29004EDD7B /* BaseViewController.swift */; };
		538C1080243FDB74004EDD7B /* Injected.swift in Sources */ = {isa = PBXBuildFile; fileRef = 538C107F243FDB74004EDD7B /* Injected.swift */; };
		538C1082243FDBBC004EDD7B /* ViewController+UI.swift in Sources */ = {isa = PBXBuildFile; fileRef = 538C1081243FDBBC004EDD7B /* ViewController+UI.swift */; };
/* End PBXBuildFile section */

/* Begin PBXFileReference section */
		538C1065243FDAF9004EDD7B /* InjectedControllers.app */ = {isa = PBXFileReference; explicitFileType = wrapper.application; includeInIndex = 0; path = InjectedControllers.app; sourceTree = BUILT_PRODUCTS_DIR; };
		538C1068243FDAF9004EDD7B /* AppDelegate.swift */ = {isa = PBXFileReference; lastKnownFileType = sourcecode.swift; path = AppDelegate.swift; sourceTree = "<group>"; };
		538C106A243FDAF9004EDD7B /* SceneDelegate.swift */ = {isa = PBXFileReference; lastKnownFileType = sourcecode.swift; path = SceneDelegate.swift; sourceTree = "<group>"; };
		538C106C243FDAF9004EDD7B /* ViewController.swift */ = {isa = PBXFileReference; lastKnownFileType = sourcecode.swift; path = ViewController.swift; sourceTree = "<group>"; };
		538C106F243FDAF9004EDD7B /* Base */ = {isa = PBXFileReference; lastKnownFileType = file.storyboard; name = Base; path = Base.lproj/Main.storyboard; sourceTree = "<group>"; };
		538C1071243FDAFB004EDD7B /* Assets.xcassets */ = {isa = PBXFileReference; lastKnownFileType = folder.assetcatalog; path = Assets.xcassets; sourceTree = "<group>"; };
		538C1074243FDAFB004EDD7B /* Base */ = {isa = PBXFileReference; lastKnownFileType = file.storyboard; name = Base; path = Base.lproj/LaunchScreen.storyboard; sourceTree = "<group>"; };
		538C1076243FDAFB004EDD7B /* Info.plist */ = {isa = PBXFileReference; lastKnownFileType = text.plist.xml; path = Info.plist; sourceTree = "<group>"; };
		538C107C243FDB29004EDD7B /* BaseViewController.swift */ = {isa = PBXFileReference; lastKnownFileType = sourcecode.swift; path = BaseViewController.swift; sourceTree = "<group>"; };
		538C107F243FDB74004EDD7B /* Injected.swift */ = {isa = PBXFileReference; lastKnownFileType = sourcecode.swift; path = Injected.swift; sourceTree = "<group>"; };
		538C1081243FDBBC004EDD7B /* ViewController+UI.swift */ = {isa = PBXFileReference; lastKnownFileType = sourcecode.swift; path = "ViewController+UI.swift"; sourceTree = "<group>"; };
/* End PBXFileReference section */

/* Begin PBXFrameworksBuildPhase section */
		538C1062243FDAF9004EDD7B /* Frameworks */ = {
			isa = PBXFrameworksBuildPhase;
			buildActionMask = 2147483647;
			files = (
			);
			runOnlyForDeploymentPostprocessing = 0;
		};
/* End PBXFrameworksBuildPhase section */

/* Begin PBXGroup section */
		538C105C243FDAF9004EDD7B = {
			isa = PBXGroup;
			children = (
				538C1067243FDAF9004EDD7B /* InjectedControllers */,
				538C1066243FDAF9004EDD7B /* Products */,
			);
			sourceTree = "<group>";
		};
		538C1066243FDAF9004EDD7B /* Products */ = {
			isa = PBXGroup;
			children = (
				538C1065243FDAF9004EDD7B /* InjectedControllers.app */,
			);
			name = Products;
			sourceTree = "<group>";
		};
		538C1067243FDAF9004EDD7B /* InjectedControllers */ = {
			isa = PBXGroup;
			children = (
				538C107E243FDB2F004EDD7B /* Controllers */,
				538C1068243FDAF9004EDD7B /* AppDelegate.swift */,
				538C106A243FDAF9004EDD7B /* SceneDelegate.swift */,
				538C106E243FDAF9004EDD7B /* Main.storyboard */,
				538C1071243FDAFB004EDD7B /* Assets.xcassets */,
				538C1073243FDAFB004EDD7B /* LaunchScreen.storyboard */,
				538C1076243FDAFB004EDD7B /* Info.plist */,
				538C107F243FDB74004EDD7B /* Injected.swift */,
			);
			path = InjectedControllers;
			sourceTree = "<group>";
		};
		538C107E243FDB2F004EDD7B /* Controllers */ = {
			isa = PBXGroup;
			children = (
				538C107C243FDB29004EDD7B /* BaseViewController.swift */,
				538C106C243FDAF9004EDD7B /* ViewController.swift */,
				538C1081243FDBBC004EDD7B /* ViewController+UI.swift */,
			);
			path = Controllers;
			sourceTree = "<group>";
		};
/* End PBXGroup section */

/* Begin PBXNativeTarget section */
		538C1064243FDAF9004EDD7B /* InjectedControllers */ = {
			isa = PBXNativeTarget;
			buildConfigurationList = 538C1079243FDAFB004EDD7B /* Build configuration list for PBXNativeTarget "InjectedControllers" */;
			buildPhases = (
				538C1061243FDAF9004EDD7B /* Sources */,
				538C1062243FDAF9004EDD7B /* Frameworks */,
				538C1063243FDAF9004EDD7B /* Resources */,
			);
			buildRules = (
			);
			dependencies = (
			);
			name = InjectedControllers;
			productName = InjectedControllers;
			productReference = 538C1065243FDAF9004EDD7B /* InjectedControllers.app */;
			productType = "com.apple.product-type.application";
		};
/* End PBXNativeTarget section */

/* Begin PBXProject section */
		538C105D243FDAF9004EDD7B /* Project object */ = {
			isa = PBXProject;
			attributes = {
				LastSwiftUpdateCheck = 1140;
				LastUpgradeCheck = 1140;
				ORGANIZATIONNAME = Pokol;
				TargetAttributes = {
					538C1064243FDAF9004EDD7B = {
						CreatedOnToolsVersion = 11.4;
					};
				};
			};
			buildConfigurationList = 538C1060243FDAF9004EDD7B /* Build configuration list for PBXProject "InjectedControllers" */;
			compatibilityVersion = "Xcode 9.3";
			developmentRegion = en;
			hasScannedForEncodings = 0;
			knownRegions = (
				en,
				Base,
			);
			mainGroup = 538C105C243FDAF9004EDD7B;
			productRefGroup = 538C1066243FDAF9004EDD7B /* Products */;
			projectDirPath = "";
			projectRoot = "";
			targets = (
				538C1064243FDAF9004EDD7B /* InjectedControllers */,
			);
		};
/* End PBXProject section */

/* Begin PBXResourcesBuildPhase section */
		538C1063243FDAF9004EDD7B /* Resources */ = {
			isa = PBXResourcesBuildPhase;
			buildActionMask = 2147483647;
			files = (
				538C1075243FDAFB004EDD7B /* LaunchScreen.storyboard in Resources */,
				538C1072243FDAFB004EDD7B /* Assets.xcassets in Resources */,
				538C1070243FDAF9004EDD7B /* Main.storyboard in Resources */,
			);
			runOnlyForDeploymentPostprocessing = 0;
		};
/* End PBXResourcesBuildPhase section */

/* Begin PBXSourcesBuildPhase section */
		538C1061243FDAF9004EDD7B /* Sources */ = {
			isa = PBXSourcesBuildPhase;
			buildActionMask = 2147483647;
			files = (
				538C1082243FDBBC004EDD7B /* ViewController+UI.swift in Sources */,
				538C1080243FDB74004EDD7B /* Injected.swift in Sources */,
				538C106D243FDAF9004EDD7B /* ViewController.swift in Sources */,
				538C107D243FDB29004EDD7B /* BaseViewController.swift in Sources */,
				538C1069243FDAF9004EDD7B /* AppDelegate.swift in Sources */,
				538C106B243FDAF9004EDD7B /* SceneDelegate.swift in Sources */,
			);
			runOnlyForDeploymentPostprocessing = 0;
		};
/* End PBXSourcesBuildPhase section */

/* Begin PBXVariantGroup section */
		538C106E243FDAF9004EDD7B /* Main.storyboard */ = {
			isa = PBXVariantGroup;
			children = (
				538C106F243FDAF9004EDD7B /* Base */,
			);
			name = Main.storyboard;
			sourceTree = "<group>";
		};
		538C1073243FDAFB004EDD7B /* LaunchScreen.storyboard */ = {
			isa = PBXVariantGroup;
			children = (
				538C1074243FDAFB004EDD7B /* Base */,
			);
			name = LaunchScreen.storyboard;
			sourceTree = "<group>";
		};
/* End PBXVariantGroup section */

/* Begin XCBuildConfiguration section */
		538C1077243FDAFB004EDD7B /* Debug */ = {
			isa = XCBuildConfiguration;
			buildSettings = {
				ALWAYS_SEARCH_USER_PATHS = NO;
				CLANG_ANALYZER_NONNULL = YES;
				CLANG_ANALYZER_NUMBER_OBJECT_CONVERSION = YES_AGGRESSIVE;
				CLANG_CXX_LANGUAGE_STANDARD = "gnu++14";
				CLANG_CXX_LIBRARY = "libc++";
				CLANG_ENABLE_MODULES = YES;
				CLANG_ENABLE_OBJC_ARC = YES;
				CLANG_ENABLE_OBJC_WEAK = YES;
				CLANG_WARN_BLOCK_CAPTURE_AUTORELEASING = YES;
				CLANG_WARN_BOOL_CONVERSION = YES;
				CLANG_WARN_COMMA = YES;
				CLANG_WARN_CONSTANT_CONVERSION = YES;
				CLANG_WARN_DEPRECATED_OBJC_IMPLEMENTATIONS = YES;
				CLANG_WARN_DIRECT_OBJC_ISA_USAGE = YES_ERROR;
				CLANG_WARN_DOCUMENTATION_COMMENTS = YES;
				CLANG_WARN_EMPTY_BODY = YES;
				CLANG_WARN_ENUM_CONVERSION = YES;
				CLANG_WARN_INFINITE_RECURSION = YES;
				CLANG_WARN_INT_CONVERSION = YES;
				CLANG_WARN_NON_LITERAL_NULL_CONVERSION = YES;
				CLANG_WARN_OBJC_IMPLICIT_RETAIN_SELF = YES;
				CLANG_WARN_OBJC_LITERAL_CONVERSION = YES;
				CLANG_WARN_OBJC_ROOT_CLASS = YES_ERROR;
				CLANG_WARN_RANGE_LOOP_ANALYSIS = YES;
				CLANG_WARN_STRICT_PROTOTYPES = YES;
				CLANG_WARN_SUSPICIOUS_MOVE = YES;
				CLANG_WARN_UNGUARDED_AVAILABILITY = YES_AGGRESSIVE;
				CLANG_WARN_UNREACHABLE_CODE = YES;
				CLANG_WARN__DUPLICATE_METHOD_MATCH = YES;
				COPY_PHASE_STRIP = NO;
				DEBUG_INFORMATION_FORMAT = dwarf;
				ENABLE_STRICT_OBJC_MSGSEND = YES;
				ENABLE_TESTABILITY = YES;
				GCC_C_LANGUAGE_STANDARD = gnu11;
				GCC_DYNAMIC_NO_PIC = NO;
				GCC_NO_COMMON_BLOCKS = YES;
				GCC_OPTIMIZATION_LEVEL = 0;
				GCC_PREPROCESSOR_DEFINITIONS = (
					"DEBUG=1",
					"$(inherited)",
				);
				GCC_WARN_64_TO_32_BIT_CONVERSION = YES;
				GCC_WARN_ABOUT_RETURN_TYPE = YES_ERROR;
				GCC_WARN_UNDECLARED_SELECTOR = YES;
				GCC_WARN_UNINITIALIZED_AUTOS = YES_AGGRESSIVE;
				GCC_WARN_UNUSED_FUNCTION = YES;
				GCC_WARN_UNUSED_VARIABLE = YES;
				IPHONEOS_DEPLOYMENT_TARGET = 13.4;
				MTL_ENABLE_DEBUG_INFO = INCLUDE_SOURCE;
				MTL_FAST_MATH = YES;
				ONLY_ACTIVE_ARCH = YES;
				SDKROOT = iphoneos;
				SWIFT_ACTIVE_COMPILATION_CONDITIONS = DEBUG;
				SWIFT_OPTIMIZATION_LEVEL = "-Onone";
			};
			name = Debug;
		};
		538C1078243FDAFB004EDD7B /* Release */ = {
			isa = XCBuildConfiguration;
			buildSettings = {
				ALWAYS_SEARCH_USER_PATHS = NO;
				CLANG_ANALYZER_NONNULL = YES;
				CLANG_ANALYZER_NUMBER_OBJECT_CONVERSION = YES_AGGRESSIVE;
				CLANG_CXX_LANGUAGE_STANDARD = "gnu++14";
				CLANG_CXX_LIBRARY = "libc++";
				CLANG_ENABLE_MODULES = YES;
				CLANG_ENABLE_OBJC_ARC = YES;
				CLANG_ENABLE_OBJC_WEAK = YES;
				CLANG_WARN_BLOCK_CAPTURE_AUTORELEASING = YES;
				CLANG_WARN_BOOL_CONVERSION = YES;
				CLANG_WARN_COMMA = YES;
				CLANG_WARN_CONSTANT_CONVERSION = YES;
				CLANG_WARN_DEPRECATED_OBJC_IMPLEMENTATIONS = YES;
				CLANG_WARN_DIRECT_OBJC_ISA_USAGE = YES_ERROR;
				CLANG_WARN_DOCUMENTATION_COMMENTS = YES;
				CLANG_WARN_EMPTY_BODY = YES;
				CLANG_WARN_ENUM_CONVERSION = YES;
				CLANG_WARN_INFINITE_RECURSION = YES;
				CLANG_WARN_INT_CONVERSION = YES;
				CLANG_WARN_NON_LITERAL_NULL_CONVERSION = YES;
				CLANG_WARN_OBJC_IMPLICIT_RETAIN_SELF = YES;
				CLANG_WARN_OBJC_LITERAL_CONVERSION = YES;
				CLANG_WARN_OBJC_ROOT_CLASS = YES_ERROR;
				CLANG_WARN_RANGE_LOOP_ANALYSIS = YES;
				CLANG_WARN_STRICT_PROTOTYPES = YES;
				CLANG_WARN_SUSPICIOUS_MOVE = YES;
				CLANG_WARN_UNGUARDED_AVAILABILITY = YES_AGGRESSIVE;
				CLANG_WARN_UNREACHABLE_CODE = YES;
				CLANG_WARN__DUPLICATE_METHOD_MATCH = YES;
				COPY_PHASE_STRIP = NO;
				DEBUG_INFORMATION_FORMAT = "dwarf-with-dsym";
				ENABLE_NS_ASSERTIONS = NO;
				ENABLE_STRICT_OBJC_MSGSEND = YES;
				GCC_C_LANGUAGE_STANDARD = gnu11;
				GCC_NO_COMMON_BLOCKS = YES;
				GCC_WARN_64_TO_32_BIT_CONVERSION = YES;
				GCC_WARN_ABOUT_RETURN_TYPE = YES_ERROR;
				GCC_WARN_UNDECLARED_SELECTOR = YES;
				GCC_WARN_UNINITIALIZED_AUTOS = YES_AGGRESSIVE;
				GCC_WARN_UNUSED_FUNCTION = YES;
				GCC_WARN_UNUSED_VARIABLE = YES;
				IPHONEOS_DEPLOYMENT_TARGET = 13.4;
				MTL_ENABLE_DEBUG_INFO = NO;
				MTL_FAST_MATH = YES;
				SDKROOT = iphoneos;
				SWIFT_COMPILATION_MODE = wholemodule;
				SWIFT_OPTIMIZATION_LEVEL = "-O";
				VALIDATE_PRODUCT = YES;
			};
			name = Release;
		};
		538C107A243FDAFB004EDD7B /* Debug */ = {
			isa = XCBuildConfiguration;
			buildSettings = {
				ASSETCATALOG_COMPILER_APPICON_NAME = AppIcon;
				CODE_SIGN_STYLE = Automatic;
				DEVELOPMENT_TEAM = VQ56F87D3R;
				INFOPLIST_FILE = InjectedControllers/Info.plist;
				LD_RUNPATH_SEARCH_PATHS = (
					"$(inherited)",
					"@executable_path/Frameworks",
				);
				PRODUCT_BUNDLE_IDENTIFIER = test.pokol.hatced.InjectedControllers;
				PRODUCT_NAME = "$(TARGET_NAME)";
				SWIFT_VERSION = 5.0;
				TARGETED_DEVICE_FAMILY = "1,2";
			};
			name = Debug;
		};
		538C107B243FDAFB004EDD7B /* Release */ = {
			isa = XCBuildConfiguration;
			buildSettings = {
				ASSETCATALOG_COMPILER_APPICON_NAME = AppIcon;
				CODE_SIGN_STYLE = Automatic;
				DEVELOPMENT_TEAM = VQ56F87D3R;
				INFOPLIST_FILE = InjectedControllers/Info.plist;
				LD_RUNPATH_SEARCH_PATHS = (
					"$(inherited)",
					"@executable_path/Frameworks",
				);
				PRODUCT_BUNDLE_IDENTIFIER = test.pokol.hatced.InjectedControllers;
				PRODUCT_NAME = "$(TARGET_NAME)";
				SWIFT_VERSION = 5.0;
				TARGETED_DEVICE_FAMILY = "1,2";
			};
			name = Release;
		};
/* End XCBuildConfiguration section */

/* Begin XCConfigurationList section */
		538C1060243FDAF9004EDD7B /* Build configuration list for PBXProject "InjectedControllers" */ = {
			isa = XCConfigurationList;
			buildConfigurations = (
				538C1077243FDAFB004EDD7B /* Debug */,
				538C1078243FDAFB004EDD7B /* Release */,
			);
			defaultConfigurationIsVisible = 0;
			defaultConfigurationName = Release;
		};
		538C1079243FDAFB004EDD7B /* Build configuration list for PBXNativeTarget "InjectedControllers" */ = {
			isa = XCConfigurationList;
			buildConfigurations = (
				538C107A243FDAFB004EDD7B /* Debug */,
				538C107B243FDAFB004EDD7B /* Release */,
			);
			defaultConfigurationIsVisible = 0;
			defaultConfigurationName = Release;
		};
/* End XCConfigurationList section */
	};
	rootObject = 538C105D243FDAF9004EDD7B /* Project object */;
}
